
Microsoft Visual Studio Solution File, Format Version 12.00
# Visual Studio Version 16
VisualStudioVersion = 16.0.31005.135
MinimumVisualStudioVersion = 10.0.40219.1
Project("{FAE04EC0-301F-11D3-BF4B-00C04F79EFBC}") = "MovieAPI", "MovieAPI\MovieAPI.csproj", "{B509B7B4-5DCD-4EBD-90B4-91277BD8E4F5}"
EndProject
Global
	GlobalSection(SolutionConfigurationPlatforms) = preSolution
		Debug|Any CPU = Debug|Any CPU
		Release|Any CPU = Release|Any CPU
	EndGlobalSection
	GlobalSection(ProjectConfigurationPlatforms) = postSolution
		{B509B7B4-5DCD-4EBD-90B4-91277BD8E4F5}.Debug|Any CPU.ActiveCfg = Debug|Any CPU
		{B509B7B4-5DCD-4EBD-90B4-91277BD8E4F5}.Debug|Any CPU.Build.0 = Debug|Any CPU
		{B509B7B4-5DCD-4EBD-90B4-91277BD8E4F5}.Release|Any CPU.ActiveCfg = Release|Any CPU
		{B509B7B4-5DCD-4EBD-90B4-91277BD8E4F5}.Release|Any CPU.Build.0 = Release|Any CPU
	EndGlobalSection
	GlobalSection(SolutionProperties) = preSolution
		HideSolutionNode = FALSE
	EndGlobalSection
	GlobalSection(ExtensibilityGlobals) = postSolution
		SolutionGuid = {00B1B95C-73A8-40F0-AF61-210C32036BE3}
	EndGlobalSection
EndGlobal
